
Microsoft Visual Studio Solution File, Format Version 12.00
# Visual Studio Version 16
VisualStudioVersion = 16.0.29326.143
MinimumVisualStudioVersion = 10.0.40219.1
Project("{FAE04EC0-301F-11D3-BF4B-00C04F79EFBC}") = "Univer", "Univer\Univer.csproj", "{8570BDE4-2EA0-420B-A267-A9B456178D2A}"
EndProject
Global
	GlobalSection(SolutionConfigurationPlatforms) = preSolution
		Debug|Any CPU = Debug|Any CPU
		Release|Any CPU = Release|Any CPU
	EndGlobalSection
	GlobalSection(ProjectConfigurationPlatforms) = postSolution
		{8570BDE4-2EA0-420B-A267-A9B456178D2A}.Debug|Any CPU.ActiveCfg = Debug|Any CPU
		{8570BDE4-2EA0-420B-A267-A9B456178D2A}.Debug|Any CPU.Build.0 = Debug|Any CPU
		{8570BDE4-2EA0-420B-A267-A9B456178D2A}.Release|Any CPU.ActiveCfg = Release|Any CPU
		{8570BDE4-2EA0-420B-A267-A9B456178D2A}.Release|Any CPU.Build.0 = Release|Any CPU
	EndGlobalSection
	GlobalSection(SolutionProperties) = preSolution
		HideSolutionNode = FALSE
	EndGlobalSection
	GlobalSection(ExtensibilityGlobals) = postSolution
		SolutionGuid = {CD241C2C-198E-4A95-9142-0393D1401E2D}
	EndGlobalSection
EndGlobal
